
Microsoft Visual Studio Solution File, Format Version 12.00
# Visual Studio Version 17
VisualStudioVersion = 17.9.34622.214
MinimumVisualStudioVersion = 10.0.40219.1
Project("{FAE04EC0-301F-11D3-BF4B-00C04F79EFBC}") = "login-register", "login-register.csproj", "{470D1B7E-C927-46CE-B2F8-CDAB9A43DA61}"
EndProject
Global
	GlobalSection(SolutionConfigurationPlatforms) = preSolution
		Debug|Any CPU = Debug|Any CPU
		Release|Any CPU = Release|Any CPU
	EndGlobalSection
	GlobalSection(ProjectConfigurationPlatforms) = postSolution
		{470D1B7E-C927-46CE-B2F8-CDAB9A43DA61}.Debug|Any CPU.ActiveCfg = Debug|Any CPU
		{470D1B7E-C927-46CE-B2F8-CDAB9A43DA61}.Debug|Any CPU.Build.0 = Debug|Any CPU
		{470D1B7E-C927-46CE-B2F8-CDAB9A43DA61}.Release|Any CPU.ActiveCfg = Release|Any CPU
		{470D1B7E-C927-46CE-B2F8-CDAB9A43DA61}.Release|Any CPU.Build.0 = Release|Any CPU
	EndGlobalSection
	GlobalSection(SolutionProperties) = preSolution
		HideSolutionNode = FALSE
	EndGlobalSection
	GlobalSection(ExtensibilityGlobals) = postSolution
		SolutionGuid = {D2BD64E1-4CD9-48C6-8BFC-A57126E7383F}
	EndGlobalSection
EndGlobal
